hash: ef8a7de88069d4f422f1f5ea988736d8ff6e3b6c67446fa92eda95acd3393375
updated: 2016-05-18T19:18:34.398179694-07:00
imports:
- name: github.com/gorilla/feeds
  version: 441264de03a8117ed530ae8e049d8f601a33a099
- name: github.com/gorilla/feeds.git
  version: 441264de03a8117ed530ae8e049d8f601a33a099
- name: github.com/mediocregopher/radix.v2
  version: 74e50e64194d2d2f4836212451c28b127f9d7fa1
  subpackages:
  - pool
  - redis
- name: github.com/russross/blackfriday
  version: 2004188462c3946efefbdcd91aa83e49b4175bfb
- name: github.com/shurcooL/sanitized_anchor_name
  version: 10ef21a441db47d8b13ebcc5fd2310f636973c77
devImports: []
